
Microsoft Visual Studio Solution File, Format Version 12.00
# Visual Studio Version 17
VisualStudioVersion = 17.5.33502.453
MinimumVisualStudioVersion = 10.0.40219.1
Project("{FAE04EC0-301F-11D3-BF4B-00C04F79EFBC}") = "Number Guess", "Number Guess\Number Guess.csproj", "{849B0C26-211E-405C-8092-BE10B10A7B96}"
EndProject
Global
	GlobalSection(SolutionConfigurationPlatforms) = preSolution
		Debug|Any CPU = Debug|Any CPU
		Release|Any CPU = Release|Any CPU
	EndGlobalSection
	GlobalSection(ProjectConfigurationPlatforms) = postSolution
		{849B0C26-211E-405C-8092-BE10B10A7B96}.Debug|Any CPU.ActiveCfg = Debug|Any CPU
		{849B0C26-211E-405C-8092-BE10B10A7B96}.Debug|Any CPU.Build.0 = Debug|Any CPU
		{849B0C26-211E-405C-8092-BE10B10A7B96}.Release|Any CPU.ActiveCfg = Release|Any CPU
		{849B0C26-211E-405C-8092-BE10B10A7B96}.Release|Any CPU.Build.0 = Release|Any CPU
	EndGlobalSection
	GlobalSection(SolutionProperties) = preSolution
		HideSolutionNode = FALSE
	EndGlobalSection
	GlobalSection(ExtensibilityGlobals) = postSolution
		SolutionGuid = {675552DA-3F82-426C-B72E-FCF02ED0F1E5}
	EndGlobalSection
EndGlobal
